
Microsoft Visual Studio Solution File, Format Version 12.00
# Visual Studio Version 17
VisualStudioVersion = 17.2.32516.85
MinimumVisualStudioVersion = 10.0.40219.1
Project("{FAE04EC0-301F-11D3-BF4B-00C04F79EFBC}") = "MonitoringApi", "MonitoringApi\MonitoringApi.csproj", "{CBCD36A0-0A7D-46EB-A040-CF9E66D54ACE}"
EndProject
Global
	GlobalSection(SolutionConfigurationPlatforms) = preSolution
		Debug|Any CPU = Debug|Any CPU
		Release|Any CPU = Release|Any CPU
	EndGlobalSection
	GlobalSection(ProjectConfigurationPlatforms) = postSolution
		{CBCD36A0-0A7D-46EB-A040-CF9E66D54ACE}.Debug|Any CPU.ActiveCfg = Debug|Any CPU
		{CBCD36A0-0A7D-46EB-A040-CF9E66D54ACE}.Debug|Any CPU.Build.0 = Debug|Any CPU
		{CBCD36A0-0A7D-46EB-A040-CF9E66D54ACE}.Release|Any CPU.ActiveCfg = Release|Any CPU
		{CBCD36A0-0A7D-46EB-A040-CF9E66D54ACE}.Release|Any CPU.Build.0 = Release|Any CPU
	EndGlobalSection
	GlobalSection(SolutionProperties) = preSolution
		HideSolutionNode = FALSE
	EndGlobalSection
	GlobalSection(ExtensibilityGlobals) = postSolution
		SolutionGuid = {F33C995A-870E-4F8E-8A2B-03F50776E7F6}
	EndGlobalSection
EndGlobal
